
Microsoft Visual Studio Solution File, Format Version 12.00
# Visual Studio Version 16
VisualStudioVersion = 16.0.31624.102
MinimumVisualStudioVersion = 10.0.40219.1
Project("{8BC9CEB8-8B4A-11D0-8D11-00A0C91BC942}") = "PR5.3", "PR5.3\PR5.3.vcxproj", "{09B6C147-0E1A-452A-A9E2-DC357B2A38FF}"
EndProject
Project("{8BC9CEB8-8B4A-11D0-8D11-00A0C91BC942}") = "UT5.3", "UT5.3\UT5.3.vcxproj", "{E58DB401-B253-46ED-B24E-5B37E4D54950}"
EndProject
Global
	GlobalSection(SolutionConfigurationPlatforms) = preSolution
		Debug|x64 = Debug|x64
		Debug|x86 = Debug|x86
		Release|x64 = Release|x64
		Release|x86 = Release|x86
	EndGlobalSection
	GlobalSection(ProjectConfigurationPlatforms) = postSolution
		{09B6C147-0E1A-452A-A9E2-DC357B2A38FF}.Debug|x64.ActiveCfg = Debug|x64
		{09B6C147-0E1A-452A-A9E2-DC357B2A38FF}.Debug|x64.Build.0 = Debug|x64
		{09B6C147-0E1A-452A-A9E2-DC357B2A38FF}.Debug|x86.ActiveCfg = Debug|Win32
		{09B6C147-0E1A-452A-A9E2-DC357B2A38FF}.Debug|x86.Build.0 = Debug|Win32
		{09B6C147-0E1A-452A-A9E2-DC357B2A38FF}.Release|x64.ActiveCfg = Release|x64
		{09B6C147-0E1A-452A-A9E2-DC357B2A38FF}.Release|x64.Build.0 = Release|x64
		{09B6C147-0E1A-452A-A9E2-DC357B2A38FF}.Release|x86.ActiveCfg = Release|Win32
		{09B6C147-0E1A-452A-A9E2-DC357B2A38FF}.Release|x86.Build.0 = Release|Win32
		{E58DB401-B253-46ED-B24E-5B37E4D54950}.Debug|x64.ActiveCfg = Debug|x64
		{E58DB401-B253-46ED-B24E-5B37E4D54950}.Debug|x64.Build.0 = Debug|x64
		{E58DB401-B253-46ED-B24E-5B37E4D54950}.Debug|x86.ActiveCfg = Debug|Win32
		{E58DB401-B253-46ED-B24E-5B37E4D54950}.Debug|x86.Build.0 = Debug|Win32
		{E58DB401-B253-46ED-B24E-5B37E4D54950}.Release|x64.ActiveCfg = Release|x64
		{E58DB401-B253-46ED-B24E-5B37E4D54950}.Release|x64.Build.0 = Release|x64
		{E58DB401-B253-46ED-B24E-5B37E4D54950}.Release|x86.ActiveCfg = Release|Win32
		{E58DB401-B253-46ED-B24E-5B37E4D54950}.Release|x86.Build.0 = Release|Win32
	EndGlobalSection
	GlobalSection(SolutionProperties) = preSolution
		HideSolutionNode = FALSE
	EndGlobalSection
	GlobalSection(ExtensibilityGlobals) = postSolution
		SolutionGuid = {852FAFB3-4EF9-4C47-9296-AAE31DEF9C90}
	EndGlobalSection
EndGlobal
